
Microsoft Visual Studio Solution File, Format Version 12.00
# Visual Studio Version 17
VisualStudioVersion = 17.12.35514.174
MinimumVisualStudioVersion = 10.0.40219.1
Project("{FAE04EC0-301F-11D3-BF4B-00C04F79EFBC}") = "OurResumeIR.Domain", "OurResumeIR.Domain\OurResumeIR.Domain.csproj", "{B6419749-93BE-44A0-AC0E-C33DC7DBE5FD}"
EndProject
Project("{FAE04EC0-301F-11D3-BF4B-00C04F79EFBC}") = "OurResumeIR.Application", "OurResumeIR.Application\OurResumeIR.Application.csproj", "{47821D0F-CF05-45FF-A745-C973785F9856}"
EndProject
Project("{FAE04EC0-301F-11D3-BF4B-00C04F79EFBC}") = "OurResumeIR.MVC", "OurResumeIR.MVC\OurResumeIR.MVC.csproj", "{94BF4E06-22DA-47A0-9799-CBD132171DFD}"
EndProject
Project("{2150E333-8FDC-42A3-9474-1A3956D46DE8}") = "src", "src", "{56EF85C2-7BEE-4661-A0AE-C98DC3016879}"
EndProject
Project("{2150E333-8FDC-42A3-9474-1A3956D46DE8}") = "Core", "Core", "{97EF2B74-FF17-451B-9A9C-F288F6F02B00}"
EndProject
Project("{2150E333-8FDC-42A3-9474-1A3956D46DE8}") = "Infrastructure", "Infrastructure", "{D1564A52-10C1-4559-8FF9-F222D0809BB3}"
EndProject
Project("{2150E333-8FDC-42A3-9474-1A3956D46DE8}") = "Presentation", "Presentation", "{842011E9-6A50-49A9-AD62-35A422F3BD37}"
EndProject
Project("{FAE04EC0-301F-11D3-BF4B-00C04F79EFBC}") = "OurResumeIR.Infrastructure", "OurResumeIR.Infrastructure\OurResumeIR.Infrastructure.csproj", "{EAB8C699-6C18-4DBB-9E61-4112C1D71499}"
EndProject
Global
	GlobalSection(SolutionConfigurationPlatforms) = preSolution
		Debug|Any CPU = Debug|Any CPU
		Release|Any CPU = Release|Any CPU
	EndGlobalSection
	GlobalSection(ProjectConfigurationPlatforms) = postSolution
		{B6419749-93BE-44A0-AC0E-C33DC7DBE5FD}.Debug|Any CPU.ActiveCfg = Debug|Any CPU
		{B6419749-93BE-44A0-AC0E-C33DC7DBE5FD}.Debug|Any CPU.Build.0 = Debug|Any CPU
		{B6419749-93BE-44A0-AC0E-C33DC7DBE5FD}.Release|Any CPU.ActiveCfg = Release|Any CPU
		{B6419749-93BE-44A0-AC0E-C33DC7DBE5FD}.Release|Any CPU.Build.0 = Release|Any CPU
		{47821D0F-CF05-45FF-A745-C973785F9856}.Debug|Any CPU.ActiveCfg = Debug|Any CPU
		{47821D0F-CF05-45FF-A745-C973785F9856}.Debug|Any CPU.Build.0 = Debug|Any CPU
		{47821D0F-CF05-45FF-A745-C973785F9856}.Release|Any CPU.ActiveCfg = Release|Any CPU
		{47821D0F-CF05-45FF-A745-C973785F9856}.Release|Any CPU.Build.0 = Release|Any CPU
		{94BF4E06-22DA-47A0-9799-CBD132171DFD}.Debug|Any CPU.ActiveCfg = Debug|Any CPU
		{94BF4E06-22DA-47A0-9799-CBD132171DFD}.Debug|Any CPU.Build.0 = Debug|Any CPU
		{94BF4E06-22DA-47A0-9799-CBD132171DFD}.Release|Any CPU.ActiveCfg = Release|Any CPU
		{94BF4E06-22DA-47A0-9799-CBD132171DFD}.Release|Any CPU.Build.0 = Release|Any CPU
		{EAB8C699-6C18-4DBB-9E61-4112C1D71499}.Debug|Any CPU.ActiveCfg = Debug|Any CPU
		{EAB8C699-6C18-4DBB-9E61-4112C1D71499}.Debug|Any CPU.Build.0 = Debug|Any CPU
		{EAB8C699-6C18-4DBB-9E61-4112C1D71499}.Release|Any CPU.ActiveCfg = Release|Any CPU
		{EAB8C699-6C18-4DBB-9E61-4112C1D71499}.Release|Any CPU.Build.0 = Release|Any CPU
	EndGlobalSection
	GlobalSection(SolutionProperties) = preSolution
		HideSolutionNode = FALSE
	EndGlobalSection
	GlobalSection(NestedProjects) = preSolution
		{B6419749-93BE-44A0-AC0E-C33DC7DBE5FD} = {97EF2B74-FF17-451B-9A9C-F288F6F02B00}
		{47821D0F-CF05-45FF-A745-C973785F9856} = {97EF2B74-FF17-451B-9A9C-F288F6F02B00}
		{94BF4E06-22DA-47A0-9799-CBD132171DFD} = {842011E9-6A50-49A9-AD62-35A422F3BD37}
		{97EF2B74-FF17-451B-9A9C-F288F6F02B00} = {56EF85C2-7BEE-4661-A0AE-C98DC3016879}
		{D1564A52-10C1-4559-8FF9-F222D0809BB3} = {56EF85C2-7BEE-4661-A0AE-C98DC3016879}
		{842011E9-6A50-49A9-AD62-35A422F3BD37} = {56EF85C2-7BEE-4661-A0AE-C98DC3016879}
		{EAB8C699-6C18-4DBB-9E61-4112C1D71499} = {D1564A52-10C1-4559-8FF9-F222D0809BB3}
	EndGlobalSection
EndGlobal
